
Microsoft Visual Studio Solution File, Format Version 12.00
# Visual Studio 2013
VisualStudioVersion = 12.0.40629.0
MinimumVisualStudioVersion = 10.0.40219.1
Project("{888888A0-9F3D-457C-B088-3A5042F75D52}") = "WebProject1", "WebProject1\WebProject1.pyproj", "{6BDEBDE2-6916-4035-A58E-C6B81F2175FE}"
EndProject
Global
	GlobalSection(SolutionConfigurationPlatforms) = preSolution
		Debug|Any CPU = Debug|Any CPU
		Release|Any CPU = Release|Any CPU
	EndGlobalSection
	GlobalSection(ProjectConfigurationPlatforms) = postSolution
		{6BDEBDE2-6916-4035-A58E-C6B81F2175FE}.Debug|Any CPU.ActiveCfg = Debug|Any CPU
		{6BDEBDE2-6916-4035-A58E-C6B81F2175FE}.Debug|Any CPU.Build.0 = Debug|Any CPU
		{6BDEBDE2-6916-4035-A58E-C6B81F2175FE}.Release|Any CPU.ActiveCfg = Release|Any CPU
		{6BDEBDE2-6916-4035-A58E-C6B81F2175FE}.Release|Any CPU.Build.0 = Release|Any CPU
	EndGlobalSection
	GlobalSection(SolutionProperties) = preSolution
		HideSolutionNode = FALSE
	EndGlobalSection
EndGlobal
